
Microsoft Visual Studio Solution File, Format Version 12.00
# Visual Studio Version 16
VisualStudioVersion = 16.0.31624.102
MinimumVisualStudioVersion = 10.0.40219.1
Project("{9A19103F-16F7-4668-BE54-9A1E7A4F7556}") = "Ch16-1_easy_linq", "Ch16-1_easy_linq\Ch16-1_easy_linq.csproj", "{C5A61661-3B40-49C2-980F-18211BB26226}"
EndProject
Project("{9A19103F-16F7-4668-BE54-9A1E7A4F7556}") = "Ch16-2_1-Where", "Ch16-2_Where\Ch16-2_1-Where.csproj", "{22A4D88C-ED81-40E2-95AA-B3BFC744F328}"
EndProject
Project("{9A19103F-16F7-4668-BE54-9A1E7A4F7556}") = "Ch16-2_2-SelectObjects", "Ch16-2_SelectObjects\Ch16-2_2-SelectObjects.csproj", "{B598DDF0-A624-4083-8CEF-2B54D368ADC3}"
EndProject
Project("{9A19103F-16F7-4668-BE54-9A1E7A4F7556}") = "Ch16-2_3-SelectMany", "Ch16-2_3-SelectMany\Ch16-2_3-SelectMany.csproj", "{092E4428-2784-4CF3-963D-3FEC74C6DA3D}"
EndProject
Project("{9A19103F-16F7-4668-BE54-9A1E7A4F7556}") = "Ch16-2_4-Select_and_Let", "Ch16-2_4-Select\Ch16-2_4-Select_and_Let.csproj", "{87D42B63-6508-4035-A44E-D2D20395C66C}"
EndProject
Project("{9A19103F-16F7-4668-BE54-9A1E7A4F7556}") = "Ch16-2_5-SelectMany2", "Ch16-2_5-SelectMany2\Ch16-2_5-SelectMany2.csproj", "{7CFD0223-9219-43D6-92DE-CF1538EF09D5}"
EndProject
Project("{9A19103F-16F7-4668-BE54-9A1E7A4F7556}") = "Ch16-3_1-OrderBy", "Ch16-3_1-OrderBy\Ch16-3_1-OrderBy.csproj", "{9B2D7ECB-71E9-4ADD-BB48-603EC1DB55E2}"
EndProject
Project("{9A19103F-16F7-4668-BE54-9A1E7A4F7556}") = "Ch16-3_2-OrderBy_Object", "Ch16-3_2-OrderBy_Object\Ch16-3_2-OrderBy_Object.csproj", "{607FAB2B-889A-4297-937B-47328014730D}"
EndProject
Project("{9A19103F-16F7-4668-BE54-9A1E7A4F7556}") = "Ch16-3_3-OrderBy_MultiSort", "Ch16-3_3-OrderBy_MultiSort\Ch16-3_3-OrderBy_MultiSort.csproj", "{DA858F4A-9884-4005-8607-21A6A820821A}"
EndProject
Project("{9A19103F-16F7-4668-BE54-9A1E7A4F7556}") = "Ch16-4", "Ch16-4_1-Except\Ch16-4.csproj", "{3DA87695-AF96-4113-8DFC-6494A294AD98}"
EndProject
Project("{2150E333-8FDC-42A3-9474-1A3956D46DE8}") = "Ch21_StreamsAndFiles", "Ch21_StreamsAndFiles", "{939E909E-BC6E-4207-8152-67B03E67D3CF}"
EndProject
Project("{FAE04EC0-301F-11D3-BF4B-00C04F79EFBC}") = "Ch21-1_DriveInfo", "Ch21-1_DriveInfo\Ch21-1_DriveInfo.csproj", "{B95407E0-2CDB-4551-8FEF-6D24CA1EEB51}"
EndProject
Project("{FAE04EC0-301F-11D3-BF4B-00C04F79EFBC}") = "Ch21-2_Directory", "Ch21-2_Directory\Ch21-2_Directory.csproj", "{5E18A767-B6EE-4A95-9C75-C7F90C858701}"
EndProject
Project("{2150E333-8FDC-42A3-9474-1A3956D46DE8}") = "Ch16_Linq", "Ch16_Linq", "{F2B7A5C2-AAB8-4BED-8EFF-0EA2C0717C11}"
EndProject
Project("{9A19103F-16F7-4668-BE54-9A1E7A4F7556}") = "Ch21-3_CreateDirectory", "Ch21-3_CreateDirectory\Ch21-3_CreateDirectory.csproj", "{F3DFE9EE-7F6E-449B-8CA0-814F7CD61E8C}"
EndProject
Project("{FAE04EC0-301F-11D3-BF4B-00C04F79EFBC}") = "Ch21-4_DirectoryInfo", "Ch21-4_DirectoryInfo\Ch21-4_DirectoryInfo.csproj", "{CE0BBB00-BE9E-4430-B2F7-455BD22CFE09}"
EndProject
Project("{FAE04EC0-301F-11D3-BF4B-00C04F79EFBC}") = "Ch21-5_DeleteDirectory", "Ch21-5_DeleteDirectory\Ch21-5_DeleteDirectory.csproj", "{29E6F916-2BA4-473A-B337-0CDBEC68AE12}"
EndProject
Project("{9A19103F-16F7-4668-BE54-9A1E7A4F7556}") = "Ch21-6_MoveDirectory", "Ch21-6_MoveDirectory\Ch21-6_MoveDirectory.csproj", "{ED7EE337-BF42-4FBE-A83A-ECEDA25B5380}"
EndProject
Global
	GlobalSection(SolutionConfigurationPlatforms) = preSolution
		Debug|Any CPU = Debug|Any CPU
		Release|Any CPU = Release|Any CPU
	EndGlobalSection
	GlobalSection(ProjectConfigurationPlatforms) = postSolution
		{C5A61661-3B40-49C2-980F-18211BB26226}.Debug|Any CPU.ActiveCfg = Debug|Any CPU
		{C5A61661-3B40-49C2-980F-18211BB26226}.Debug|Any CPU.Build.0 = Debug|Any CPU
		{C5A61661-3B40-49C2-980F-18211BB26226}.Release|Any CPU.ActiveCfg = Release|Any CPU
		{C5A61661-3B40-49C2-980F-18211BB26226}.Release|Any CPU.Build.0 = Release|Any CPU
		{22A4D88C-ED81-40E2-95AA-B3BFC744F328}.Debug|Any CPU.ActiveCfg = Debug|Any CPU
		{22A4D88C-ED81-40E2-95AA-B3BFC744F328}.Debug|Any CPU.Build.0 = Debug|Any CPU
		{22A4D88C-ED81-40E2-95AA-B3BFC744F328}.Release|Any CPU.ActiveCfg = Release|Any CPU
		{22A4D88C-ED81-40E2-95AA-B3BFC744F328}.Release|Any CPU.Build.0 = Release|Any CPU
		{B598DDF0-A624-4083-8CEF-2B54D368ADC3}.Debug|Any CPU.ActiveCfg = Debug|Any CPU
		{B598DDF0-A624-4083-8CEF-2B54D368ADC3}.Debug|Any CPU.Build.0 = Debug|Any CPU
		{B598DDF0-A624-4083-8CEF-2B54D368ADC3}.Release|Any CPU.ActiveCfg = Release|Any CPU
		{B598DDF0-A624-4083-8CEF-2B54D368ADC3}.Release|Any CPU.Build.0 = Release|Any CPU
		{092E4428-2784-4CF3-963D-3FEC74C6DA3D}.Debug|Any CPU.ActiveCfg = Debug|Any CPU
		{092E4428-2784-4CF3-963D-3FEC74C6DA3D}.Debug|Any CPU.Build.0 = Debug|Any CPU
		{092E4428-2784-4CF3-963D-3FEC74C6DA3D}.Release|Any CPU.ActiveCfg = Release|Any CPU
		{092E4428-2784-4CF3-963D-3FEC74C6DA3D}.Release|Any CPU.Build.0 = Release|Any CPU
		{87D42B63-6508-4035-A44E-D2D20395C66C}.Debug|Any CPU.ActiveCfg = Debug|Any CPU
		{87D42B63-6508-4035-A44E-D2D20395C66C}.Debug|Any CPU.Build.0 = Debug|Any CPU
		{87D42B63-6508-4035-A44E-D2D20395C66C}.Release|Any CPU.ActiveCfg = Release|Any CPU
		{87D42B63-6508-4035-A44E-D2D20395C66C}.Release|Any CPU.Build.0 = Release|Any CPU
		{7CFD0223-9219-43D6-92DE-CF1538EF09D5}.Debug|Any CPU.ActiveCfg = Debug|Any CPU
		{7CFD0223-9219-43D6-92DE-CF1538EF09D5}.Debug|Any CPU.Build.0 = Debug|Any CPU
		{7CFD0223-9219-43D6-92DE-CF1538EF09D5}.Release|Any CPU.ActiveCfg = Release|Any CPU
		{7CFD0223-9219-43D6-92DE-CF1538EF09D5}.Release|Any CPU.Build.0 = Release|Any CPU
		{9B2D7ECB-71E9-4ADD-BB48-603EC1DB55E2}.Debug|Any CPU.ActiveCfg = Debug|Any CPU
		{9B2D7ECB-71E9-4ADD-BB48-603EC1DB55E2}.Debug|Any CPU.Build.0 = Debug|Any CPU
		{9B2D7ECB-71E9-4ADD-BB48-603EC1DB55E2}.Release|Any CPU.ActiveCfg = Release|Any CPU
		{9B2D7ECB-71E9-4ADD-BB48-603EC1DB55E2}.Release|Any CPU.Build.0 = Release|Any CPU
		{607FAB2B-889A-4297-937B-47328014730D}.Debug|Any CPU.ActiveCfg = Debug|Any CPU
		{607FAB2B-889A-4297-937B-47328014730D}.Debug|Any CPU.Build.0 = Debug|Any CPU
		{607FAB2B-889A-4297-937B-47328014730D}.Release|Any CPU.ActiveCfg = Release|Any CPU
		{607FAB2B-889A-4297-937B-47328014730D}.Release|Any CPU.Build.0 = Release|Any CPU
		{DA858F4A-9884-4005-8607-21A6A820821A}.Debug|Any CPU.ActiveCfg = Debug|Any CPU
		{DA858F4A-9884-4005-8607-21A6A820821A}.Debug|Any CPU.Build.0 = Debug|Any CPU
		{DA858F4A-9884-4005-8607-21A6A820821A}.Release|Any CPU.ActiveCfg = Release|Any CPU
		{DA858F4A-9884-4005-8607-21A6A820821A}.Release|Any CPU.Build.0 = Release|Any CPU
		{3DA87695-AF96-4113-8DFC-6494A294AD98}.Debug|Any CPU.ActiveCfg = Debug|Any CPU
		{3DA87695-AF96-4113-8DFC-6494A294AD98}.Debug|Any CPU.Build.0 = Debug|Any CPU
		{3DA87695-AF96-4113-8DFC-6494A294AD98}.Release|Any CPU.ActiveCfg = Release|Any CPU
		{3DA87695-AF96-4113-8DFC-6494A294AD98}.Release|Any CPU.Build.0 = Release|Any CPU
		{B95407E0-2CDB-4551-8FEF-6D24CA1EEB51}.Debug|Any CPU.ActiveCfg = Debug|Any CPU
		{B95407E0-2CDB-4551-8FEF-6D24CA1EEB51}.Debug|Any CPU.Build.0 = Debug|Any CPU
		{B95407E0-2CDB-4551-8FEF-6D24CA1EEB51}.Release|Any CPU.ActiveCfg = Release|Any CPU
		{B95407E0-2CDB-4551-8FEF-6D24CA1EEB51}.Release|Any CPU.Build.0 = Release|Any CPU
		{5E18A767-B6EE-4A95-9C75-C7F90C858701}.Debug|Any CPU.ActiveCfg = Debug|Any CPU
		{5E18A767-B6EE-4A95-9C75-C7F90C858701}.Debug|Any CPU.Build.0 = Debug|Any CPU
		{5E18A767-B6EE-4A95-9C75-C7F90C858701}.Release|Any CPU.ActiveCfg = Release|Any CPU
		{5E18A767-B6EE-4A95-9C75-C7F90C858701}.Release|Any CPU.Build.0 = Release|Any CPU
		{F3DFE9EE-7F6E-449B-8CA0-814F7CD61E8C}.Debug|Any CPU.ActiveCfg = Debug|Any CPU
		{F3DFE9EE-7F6E-449B-8CA0-814F7CD61E8C}.Debug|Any CPU.Build.0 = Debug|Any CPU
		{F3DFE9EE-7F6E-449B-8CA0-814F7CD61E8C}.Release|Any CPU.ActiveCfg = Release|Any CPU
		{F3DFE9EE-7F6E-449B-8CA0-814F7CD61E8C}.Release|Any CPU.Build.0 = Release|Any CPU
		{CE0BBB00-BE9E-4430-B2F7-455BD22CFE09}.Debug|Any CPU.ActiveCfg = Debug|Any CPU
		{CE0BBB00-BE9E-4430-B2F7-455BD22CFE09}.Debug|Any CPU.Build.0 = Debug|Any CPU
		{CE0BBB00-BE9E-4430-B2F7-455BD22CFE09}.Release|Any CPU.ActiveCfg = Release|Any CPU
		{CE0BBB00-BE9E-4430-B2F7-455BD22CFE09}.Release|Any CPU.Build.0 = Release|Any CPU
		{29E6F916-2BA4-473A-B337-0CDBEC68AE12}.Debug|Any CPU.ActiveCfg = Debug|Any CPU
		{29E6F916-2BA4-473A-B337-0CDBEC68AE12}.Debug|Any CPU.Build.0 = Debug|Any CPU
		{29E6F916-2BA4-473A-B337-0CDBEC68AE12}.Release|Any CPU.ActiveCfg = Release|Any CPU
		{29E6F916-2BA4-473A-B337-0CDBEC68AE12}.Release|Any CPU.Build.0 = Release|Any CPU
		{ED7EE337-BF42-4FBE-A83A-ECEDA25B5380}.Debug|Any CPU.ActiveCfg = Debug|Any CPU
		{ED7EE337-BF42-4FBE-A83A-ECEDA25B5380}.Debug|Any CPU.Build.0 = Debug|Any CPU
		{ED7EE337-BF42-4FBE-A83A-ECEDA25B5380}.Release|Any CPU.ActiveCfg = Release|Any CPU
		{ED7EE337-BF42-4FBE-A83A-ECEDA25B5380}.Release|Any CPU.Build.0 = Release|Any CPU
	EndGlobalSection
	GlobalSection(SolutionProperties) = preSolution
		HideSolutionNode = FALSE
	EndGlobalSection
	GlobalSection(NestedProjects) = preSolution
		{C5A61661-3B40-49C2-980F-18211BB26226} = {F2B7A5C2-AAB8-4BED-8EFF-0EA2C0717C11}
		{22A4D88C-ED81-40E2-95AA-B3BFC744F328} = {F2B7A5C2-AAB8-4BED-8EFF-0EA2C0717C11}
		{B598DDF0-A624-4083-8CEF-2B54D368ADC3} = {F2B7A5C2-AAB8-4BED-8EFF-0EA2C0717C11}
		{092E4428-2784-4CF3-963D-3FEC74C6DA3D} = {F2B7A5C2-AAB8-4BED-8EFF-0EA2C0717C11}
		{87D42B63-6508-4035-A44E-D2D20395C66C} = {F2B7A5C2-AAB8-4BED-8EFF-0EA2C0717C11}
		{7CFD0223-9219-43D6-92DE-CF1538EF09D5} = {F2B7A5C2-AAB8-4BED-8EFF-0EA2C0717C11}
		{9B2D7ECB-71E9-4ADD-BB48-603EC1DB55E2} = {F2B7A5C2-AAB8-4BED-8EFF-0EA2C0717C11}
		{607FAB2B-889A-4297-937B-47328014730D} = {F2B7A5C2-AAB8-4BED-8EFF-0EA2C0717C11}
		{DA858F4A-9884-4005-8607-21A6A820821A} = {F2B7A5C2-AAB8-4BED-8EFF-0EA2C0717C11}
		{3DA87695-AF96-4113-8DFC-6494A294AD98} = {F2B7A5C2-AAB8-4BED-8EFF-0EA2C0717C11}
		{B95407E0-2CDB-4551-8FEF-6D24CA1EEB51} = {939E909E-BC6E-4207-8152-67B03E67D3CF}
		{5E18A767-B6EE-4A95-9C75-C7F90C858701} = {939E909E-BC6E-4207-8152-67B03E67D3CF}
		{F3DFE9EE-7F6E-449B-8CA0-814F7CD61E8C} = {939E909E-BC6E-4207-8152-67B03E67D3CF}
		{CE0BBB00-BE9E-4430-B2F7-455BD22CFE09} = {939E909E-BC6E-4207-8152-67B03E67D3CF}
		{29E6F916-2BA4-473A-B337-0CDBEC68AE12} = {939E909E-BC6E-4207-8152-67B03E67D3CF}
		{ED7EE337-BF42-4FBE-A83A-ECEDA25B5380} = {939E909E-BC6E-4207-8152-67B03E67D3CF}
	EndGlobalSection
	GlobalSection(ExtensibilityGlobals) = postSolution
		SolutionGuid = {6234E9C7-74A9-4B9E-986D-728CECF82D46}
	EndGlobalSection
EndGlobal
